
Microsoft Visual Studio Solution File, Format Version 12.00
# Visual Studio Version 17
VisualStudioVersion = 17.7.34024.191
MinimumVisualStudioVersion = 10.0.40219.1
Project("{FAE04EC0-301F-11D3-BF4B-00C04F79EFBC}") = "CoursWork", "CoursWork\CoursWork.csproj", "{87DCCD2E-8B61-4DBF-92E1-CE2472D8BFAE}"
EndProject
Global
	GlobalSection(SolutionConfigurationPlatforms) = preSolution
		Debug|Any CPU = Debug|Any CPU
		Release|Any CPU = Release|Any CPU
	EndGlobalSection
	GlobalSection(ProjectConfigurationPlatforms) = postSolution
		{87DCCD2E-8B61-4DBF-92E1-CE2472D8BFAE}.Debug|Any CPU.ActiveCfg = Debug|Any CPU
		{87DCCD2E-8B61-4DBF-92E1-CE2472D8BFAE}.Debug|Any CPU.Build.0 = Debug|Any CPU
		{87DCCD2E-8B61-4DBF-92E1-CE2472D8BFAE}.Release|Any CPU.ActiveCfg = Release|Any CPU
		{87DCCD2E-8B61-4DBF-92E1-CE2472D8BFAE}.Release|Any CPU.Build.0 = Release|Any CPU
	EndGlobalSection
	GlobalSection(SolutionProperties) = preSolution
		HideSolutionNode = FALSE
	EndGlobalSection
	GlobalSection(ExtensibilityGlobals) = postSolution
		SolutionGuid = {CDD1F8B9-56BC-4548-B7D1-647F5F697D72}
	EndGlobalSection
EndGlobal
